
Microsoft Visual Studio Solution File, Format Version 12.00
# Visual Studio Version 16
VisualStudioVersion = 16.0.31019.35
MinimumVisualStudioVersion = 10.0.40219.1
Project("{FAE04EC0-301F-11D3-BF4B-00C04F79EFBC}") = "ClassesAndRecords", "ClassesAndRecords\ClassesAndRecords.csproj", "{10E270E8-CC40-400C-8D15-38441D510F82}"
EndProject
Global
	GlobalSection(SolutionConfigurationPlatforms) = preSolution
		Debug|Any CPU = Debug|Any CPU
		Release|Any CPU = Release|Any CPU
	EndGlobalSection
	GlobalSection(ProjectConfigurationPlatforms) = postSolution
		{10E270E8-CC40-400C-8D15-38441D510F82}.Debug|Any CPU.ActiveCfg = Debug|Any CPU
		{10E270E8-CC40-400C-8D15-38441D510F82}.Debug|Any CPU.Build.0 = Debug|Any CPU
		{10E270E8-CC40-400C-8D15-38441D510F82}.Release|Any CPU.ActiveCfg = Release|Any CPU
		{10E270E8-CC40-400C-8D15-38441D510F82}.Release|Any CPU.Build.0 = Release|Any CPU
	EndGlobalSection
	GlobalSection(SolutionProperties) = preSolution
		HideSolutionNode = FALSE
	EndGlobalSection
	GlobalSection(ExtensibilityGlobals) = postSolution
		SolutionGuid = {12B0EC4E-5B03-4821-AC82-50AE85271B97}
	EndGlobalSection
EndGlobal
